
Microsoft Visual Studio Solution File, Format Version 12.00
# Visual Studio Version 16
VisualStudioVersion = 16.0.31205.134
MinimumVisualStudioVersion = 10.0.40219.1
Project("{2150E333-8FDC-42A3-9474-1A3956D46DE8}") = "Domain", "Domain", "{2C092D00-FF87-4283-B1D0-20A8386ED283}"
EndProject
Project("{2150E333-8FDC-42A3-9474-1A3956D46DE8}") = "Infra.Bus", "Infra.Bus", "{677D51FE-DBC7-4ADD-B5CE-9C14A533B41D}"
EndProject
Project("{2150E333-8FDC-42A3-9474-1A3956D46DE8}") = "Infra.IOC", "Infra.IOC", "{E64E7319-7A9F-4A48-A44A-30AEA9C2481E}"
EndProject
Project("{2150E333-8FDC-42A3-9474-1A3956D46DE8}") = "MicroServices", "MicroServices", "{BC826D51-AEB9-4B5B-9B66-5D6F4EE29A65}"
EndProject
Project("{2150E333-8FDC-42A3-9474-1A3956D46DE8}") = "Persantation", "Persantation", "{0ECB064B-F294-4BD3-A32C-58B73078B2FB}"
EndProject
Project("{9A19103F-16F7-4668-BE54-9A1E7A4F7556}") = "MicroRabbit.Domain.Core", "MicroRabbit.Domain.Core\MicroRabbit.Domain.Core.csproj", "{D46E30DD-911A-4CBD-B180-97C8E3F61130}"
EndProject
Project("{9A19103F-16F7-4668-BE54-9A1E7A4F7556}") = "MicroRabbit.Infra.Bus", "MicroRabbit.Infra.Bus\MicroRabbit.Infra.Bus.csproj", "{55D25816-1D6D-4527-B7F3-4CBFD7692B5A}"
EndProject
Project("{9A19103F-16F7-4668-BE54-9A1E7A4F7556}") = "MicroRabbit.Infra.IOC", "MicroRabbit.Infra.IOC\MicroRabbit.Infra.IOC.csproj", "{336BEFBF-D758-48A4-BE80-9C9D776F4CA3}"
EndProject
Project("{2150E333-8FDC-42A3-9474-1A3956D46DE8}") = "Banking", "Banking", "{863A1AA4-B151-4D4E-B5D6-A6E642998D78}"
EndProject
Project("{2150E333-8FDC-42A3-9474-1A3956D46DE8}") = "Api", "Api", "{62903840-D457-4ABA-817B-2283E25934C9}"
EndProject
Project("{2150E333-8FDC-42A3-9474-1A3956D46DE8}") = "Application", "Application", "{38B063E5-C136-4F34-B6A5-2A7802F6B66E}"
EndProject
Project("{2150E333-8FDC-42A3-9474-1A3956D46DE8}") = "Domain", "Domain", "{7143D7F6-D570-412A-A2F8-3261B62B9518}"
EndProject
Project("{2150E333-8FDC-42A3-9474-1A3956D46DE8}") = "Data", "Data", "{1AC54E76-C3F1-498F-9730-F7907B092442}"
EndProject
Project("{9A19103F-16F7-4668-BE54-9A1E7A4F7556}") = "MicroRabbit.Banking.Api", "MicroRabbit.Banking.Api\MicroRabbit.Banking.Api.csproj", "{DEFB4C39-96B1-4A4E-BC20-CD6E45BE20D7}"
EndProject
Project("{9A19103F-16F7-4668-BE54-9A1E7A4F7556}") = "MicroRabbit.Banking.Application", "MicroRabbit.Banking.Application\MicroRabbit.Banking.Application.csproj", "{231C9EA3-B0E2-4E12-A45A-E49484A8068C}"
EndProject
Project("{9A19103F-16F7-4668-BE54-9A1E7A4F7556}") = "MicroRabbit.Banking.Data", "MicroRabbit.Banking.Data\MicroRabbit.Banking.Data.csproj", "{F8448C8E-A3AA-4646-941D-A4AA3910BEB1}"
EndProject
Project("{9A19103F-16F7-4668-BE54-9A1E7A4F7556}") = "MicroRabbit.Banking.Domain", "MicroRabbit.Banking.Domain\MicroRabbit.Banking.Domain.csproj", "{AE032ED5-D3A1-4EEC-9B3C-FE4C1A1FE27B}"
EndProject
Project("{2150E333-8FDC-42A3-9474-1A3956D46DE8}") = "Transfer", "Transfer", "{3A8A5C2B-AA9D-4449-8227-78EAD4B7D2AB}"
EndProject
Project("{2150E333-8FDC-42A3-9474-1A3956D46DE8}") = "Api", "Api", "{6D53E41F-D70E-4EC7-8F28-C8EF5A6AF4A5}"
EndProject
Project("{2150E333-8FDC-42A3-9474-1A3956D46DE8}") = "Application", "Application", "{57AF715A-C5D2-44B7-A851-FF452EA09956}"
EndProject
Project("{2150E333-8FDC-42A3-9474-1A3956D46DE8}") = "Domain", "Domain", "{D21EFF17-49A0-4EB1-9801-46F7C477EF3B}"
EndProject
Project("{2150E333-8FDC-42A3-9474-1A3956D46DE8}") = "Data", "Data", "{63678C01-7D66-4A82-93A8-6E9CDA8C4D60}"
EndProject
Project("{FAE04EC0-301F-11D3-BF4B-00C04F79EFBC}") = "MicroRabbit.Transfer.Api", "MicroRabbit.Transfer.Api\MicroRabbit.Transfer.Api.csproj", "{3F6A7EC0-CB9C-465D-99CB-7C6E803E2674}"
EndProject
Project("{FAE04EC0-301F-11D3-BF4B-00C04F79EFBC}") = "MicroRabbit.Transfer.Application", "MicroRabbit.Transfer.Application\MicroRabbit.Transfer.Application.csproj", "{38F0EED5-2C57-4EF7-A727-4EEA1EABF505}"
EndProject
Project("{FAE04EC0-301F-11D3-BF4B-00C04F79EFBC}") = "MicroRabbit.Transfer.Data", "MicroRabbit.Transfer.Data\MicroRabbit.Transfer.Data.csproj", "{2573D77F-52B7-4741-B7DC-20A5EB88C51A}"
EndProject
Project("{FAE04EC0-301F-11D3-BF4B-00C04F79EFBC}") = "MicroRabbit.Transfer.Domain", "MicroRabbit.Transfer.Domain\MicroRabbit.Transfer.Domain.csproj", "{FD67B620-F6ED-4A73-A5D0-A8B5CB06DD51}"
EndProject
Global
	GlobalSection(SolutionConfigurationPlatforms) = preSolution
		Debug|Any CPU = Debug|Any CPU
		Release|Any CPU = Release|Any CPU
	EndGlobalSection
	GlobalSection(ProjectConfigurationPlatforms) = postSolution
		{D46E30DD-911A-4CBD-B180-97C8E3F61130}.Debug|Any CPU.ActiveCfg = Debug|Any CPU
		{D46E30DD-911A-4CBD-B180-97C8E3F61130}.Debug|Any CPU.Build.0 = Debug|Any CPU
		{D46E30DD-911A-4CBD-B180-97C8E3F61130}.Release|Any CPU.ActiveCfg = Release|Any CPU
		{D46E30DD-911A-4CBD-B180-97C8E3F61130}.Release|Any CPU.Build.0 = Release|Any CPU
		{55D25816-1D6D-4527-B7F3-4CBFD7692B5A}.Debug|Any CPU.ActiveCfg = Debug|Any CPU
		{55D25816-1D6D-4527-B7F3-4CBFD7692B5A}.Debug|Any CPU.Build.0 = Debug|Any CPU
		{55D25816-1D6D-4527-B7F3-4CBFD7692B5A}.Release|Any CPU.ActiveCfg = Release|Any CPU
		{55D25816-1D6D-4527-B7F3-4CBFD7692B5A}.Release|Any CPU.Build.0 = Release|Any CPU
		{336BEFBF-D758-48A4-BE80-9C9D776F4CA3}.Debug|Any CPU.ActiveCfg = Debug|Any CPU
		{336BEFBF-D758-48A4-BE80-9C9D776F4CA3}.Debug|Any CPU.Build.0 = Debug|Any CPU
		{336BEFBF-D758-48A4-BE80-9C9D776F4CA3}.Release|Any CPU.ActiveCfg = Release|Any CPU
		{336BEFBF-D758-48A4-BE80-9C9D776F4CA3}.Release|Any CPU.Build.0 = Release|Any CPU
		{DEFB4C39-96B1-4A4E-BC20-CD6E45BE20D7}.Debug|Any CPU.ActiveCfg = Debug|Any CPU
		{DEFB4C39-96B1-4A4E-BC20-CD6E45BE20D7}.Debug|Any CPU.Build.0 = Debug|Any CPU
		{DEFB4C39-96B1-4A4E-BC20-CD6E45BE20D7}.Release|Any CPU.ActiveCfg = Release|Any CPU
		{DEFB4C39-96B1-4A4E-BC20-CD6E45BE20D7}.Release|Any CPU.Build.0 = Release|Any CPU
		{231C9EA3-B0E2-4E12-A45A-E49484A8068C}.Debug|Any CPU.ActiveCfg = Debug|Any CPU
		{231C9EA3-B0E2-4E12-A45A-E49484A8068C}.Debug|Any CPU.Build.0 = Debug|Any CPU
		{231C9EA3-B0E2-4E12-A45A-E49484A8068C}.Release|Any CPU.ActiveCfg = Release|Any CPU
		{231C9EA3-B0E2-4E12-A45A-E49484A8068C}.Release|Any CPU.Build.0 = Release|Any CPU
		{F8448C8E-A3AA-4646-941D-A4AA3910BEB1}.Debug|Any CPU.ActiveCfg = Debug|Any CPU
		{F8448C8E-A3AA-4646-941D-A4AA3910BEB1}.Debug|Any CPU.Build.0 = Debug|Any CPU
		{F8448C8E-A3AA-4646-941D-A4AA3910BEB1}.Release|Any CPU.ActiveCfg = Release|Any CPU
		{F8448C8E-A3AA-4646-941D-A4AA3910BEB1}.Release|Any CPU.Build.0 = Release|Any CPU
		{AE032ED5-D3A1-4EEC-9B3C-FE4C1A1FE27B}.Debug|Any CPU.ActiveCfg = Debug|Any CPU
		{AE032ED5-D3A1-4EEC-9B3C-FE4C1A1FE27B}.Debug|Any CPU.Build.0 = Debug|Any CPU
		{AE032ED5-D3A1-4EEC-9B3C-FE4C1A1FE27B}.Release|Any CPU.ActiveCfg = Release|Any CPU
		{AE032ED5-D3A1-4EEC-9B3C-FE4C1A1FE27B}.Release|Any CPU.Build.0 = Release|Any CPU
		{3F6A7EC0-CB9C-465D-99CB-7C6E803E2674}.Debug|Any CPU.ActiveCfg = Debug|Any CPU
		{3F6A7EC0-CB9C-465D-99CB-7C6E803E2674}.Debug|Any CPU.Build.0 = Debug|Any CPU
		{3F6A7EC0-CB9C-465D-99CB-7C6E803E2674}.Release|Any CPU.ActiveCfg = Release|Any CPU
		{3F6A7EC0-CB9C-465D-99CB-7C6E803E2674}.Release|Any CPU.Build.0 = Release|Any CPU
		{38F0EED5-2C57-4EF7-A727-4EEA1EABF505}.Debug|Any CPU.ActiveCfg = Debug|Any CPU
		{38F0EED5-2C57-4EF7-A727-4EEA1EABF505}.Debug|Any CPU.Build.0 = Debug|Any CPU
		{38F0EED5-2C57-4EF7-A727-4EEA1EABF505}.Release|Any CPU.ActiveCfg = Release|Any CPU
		{38F0EED5-2C57-4EF7-A727-4EEA1EABF505}.Release|Any CPU.Build.0 = Release|Any CPU
		{2573D77F-52B7-4741-B7DC-20A5EB88C51A}.Debug|Any CPU.ActiveCfg = Debug|Any CPU
		{2573D77F-52B7-4741-B7DC-20A5EB88C51A}.Debug|Any CPU.Build.0 = Debug|Any CPU
		{2573D77F-52B7-4741-B7DC-20A5EB88C51A}.Release|Any CPU.ActiveCfg = Release|Any CPU
		{2573D77F-52B7-4741-B7DC-20A5EB88C51A}.Release|Any CPU.Build.0 = Release|Any CPU
		{FD67B620-F6ED-4A73-A5D0-A8B5CB06DD51}.Debug|Any CPU.ActiveCfg = Debug|Any CPU
		{FD67B620-F6ED-4A73-A5D0-A8B5CB06DD51}.Debug|Any CPU.Build.0 = Debug|Any CPU
		{FD67B620-F6ED-4A73-A5D0-A8B5CB06DD51}.Release|Any CPU.ActiveCfg = Release|Any CPU
		{FD67B620-F6ED-4A73-A5D0-A8B5CB06DD51}.Release|Any CPU.Build.0 = Release|Any CPU
	EndGlobalSection
	GlobalSection(SolutionProperties) = preSolution
		HideSolutionNode = FALSE
	EndGlobalSection
	GlobalSection(NestedProjects) = preSolution
		{D46E30DD-911A-4CBD-B180-97C8E3F61130} = {2C092D00-FF87-4283-B1D0-20A8386ED283}
		{55D25816-1D6D-4527-B7F3-4CBFD7692B5A} = {677D51FE-DBC7-4ADD-B5CE-9C14A533B41D}
		{336BEFBF-D758-48A4-BE80-9C9D776F4CA3} = {E64E7319-7A9F-4A48-A44A-30AEA9C2481E}
		{863A1AA4-B151-4D4E-B5D6-A6E642998D78} = {BC826D51-AEB9-4B5B-9B66-5D6F4EE29A65}
		{62903840-D457-4ABA-817B-2283E25934C9} = {863A1AA4-B151-4D4E-B5D6-A6E642998D78}
		{38B063E5-C136-4F34-B6A5-2A7802F6B66E} = {863A1AA4-B151-4D4E-B5D6-A6E642998D78}
		{7143D7F6-D570-412A-A2F8-3261B62B9518} = {863A1AA4-B151-4D4E-B5D6-A6E642998D78}
		{1AC54E76-C3F1-498F-9730-F7907B092442} = {863A1AA4-B151-4D4E-B5D6-A6E642998D78}
		{DEFB4C39-96B1-4A4E-BC20-CD6E45BE20D7} = {62903840-D457-4ABA-817B-2283E25934C9}
		{231C9EA3-B0E2-4E12-A45A-E49484A8068C} = {38B063E5-C136-4F34-B6A5-2A7802F6B66E}
		{F8448C8E-A3AA-4646-941D-A4AA3910BEB1} = {1AC54E76-C3F1-498F-9730-F7907B092442}
		{AE032ED5-D3A1-4EEC-9B3C-FE4C1A1FE27B} = {7143D7F6-D570-412A-A2F8-3261B62B9518}
		{3A8A5C2B-AA9D-4449-8227-78EAD4B7D2AB} = {BC826D51-AEB9-4B5B-9B66-5D6F4EE29A65}
		{6D53E41F-D70E-4EC7-8F28-C8EF5A6AF4A5} = {3A8A5C2B-AA9D-4449-8227-78EAD4B7D2AB}
		{57AF715A-C5D2-44B7-A851-FF452EA09956} = {3A8A5C2B-AA9D-4449-8227-78EAD4B7D2AB}
		{D21EFF17-49A0-4EB1-9801-46F7C477EF3B} = {3A8A5C2B-AA9D-4449-8227-78EAD4B7D2AB}
		{63678C01-7D66-4A82-93A8-6E9CDA8C4D60} = {3A8A5C2B-AA9D-4449-8227-78EAD4B7D2AB}
		{3F6A7EC0-CB9C-465D-99CB-7C6E803E2674} = {6D53E41F-D70E-4EC7-8F28-C8EF5A6AF4A5}
		{38F0EED5-2C57-4EF7-A727-4EEA1EABF505} = {57AF715A-C5D2-44B7-A851-FF452EA09956}
		{2573D77F-52B7-4741-B7DC-20A5EB88C51A} = {63678C01-7D66-4A82-93A8-6E9CDA8C4D60}
		{FD67B620-F6ED-4A73-A5D0-A8B5CB06DD51} = {D21EFF17-49A0-4EB1-9801-46F7C477EF3B}
	EndGlobalSection
	GlobalSection(ExtensibilityGlobals) = postSolution
		SolutionGuid = {CED152C7-FA33-4984-A1A7-B9DCAB8B0341}
	EndGlobalSection
EndGlobal
